
Microsoft Visual Studio Solution File, Format Version 12.00
# Visual Studio Version 16
VisualStudioVersion = 16.0.28721.148
MinimumVisualStudioVersion = 10.0.40219.1
Project("{FAE04EC0-301F-11D3-BF4B-00C04F79EFBC}") = "Listener", "Listener\Listener.csproj", "{47D5784C-5E8A-4A70-A39B-77403A7DB1BC}"
EndProject
Project("{FAE04EC0-301F-11D3-BF4B-00C04F79EFBC}") = "Sender", "Sender\Sender.csproj", "{79506A57-F9C7-4802-9158-F7590CA36EBF}"
EndProject
Global
	GlobalSection(SolutionConfigurationPlatforms) = preSolution
		Debug|Any CPU = Debug|Any CPU
		Release|Any CPU = Release|Any CPU
	EndGlobalSection
	GlobalSection(ProjectConfigurationPlatforms) = postSolution
		{47D5784C-5E8A-4A70-A39B-77403A7DB1BC}.Debug|Any CPU.ActiveCfg = Debug|Any CPU
		{47D5784C-5E8A-4A70-A39B-77403A7DB1BC}.Debug|Any CPU.Build.0 = Debug|Any CPU
		{47D5784C-5E8A-4A70-A39B-77403A7DB1BC}.Release|Any CPU.ActiveCfg = Release|Any CPU
		{47D5784C-5E8A-4A70-A39B-77403A7DB1BC}.Release|Any CPU.Build.0 = Release|Any CPU
		{79506A57-F9C7-4802-9158-F7590CA36EBF}.Debug|Any CPU.ActiveCfg = Debug|Any CPU
		{79506A57-F9C7-4802-9158-F7590CA36EBF}.Debug|Any CPU.Build.0 = Debug|Any CPU
		{79506A57-F9C7-4802-9158-F7590CA36EBF}.Release|Any CPU.ActiveCfg = Release|Any CPU
		{79506A57-F9C7-4802-9158-F7590CA36EBF}.Release|Any CPU.Build.0 = Release|Any CPU
	EndGlobalSection
	GlobalSection(SolutionProperties) = preSolution
		HideSolutionNode = FALSE
	EndGlobalSection
	GlobalSection(ExtensibilityGlobals) = postSolution
		SolutionGuid = {D59CABB3-C09D-45BE-B913-ECFD420CFE33}
	EndGlobalSection
EndGlobal
